
Microsoft Visual Studio Solution File, Format Version 12.00
# Visual Studio Version 17
VisualStudioVersion = 17.3.32901.215
MinimumVisualStudioVersion = 10.0.40219.1
Project("{8BC9CEB8-8B4A-11D0-8D11-00A0C91BC942}") = "Problems_23_02", "Problems_23_02\Problems_23_02.vcxproj", "{BED1BC17-09B7-4EF7-9542-2967C2BAA8C4}"
EndProject
Project("{8BC9CEB8-8B4A-11D0-8D11-00A0C91BC942}") = "Problem2", "Problem2\Problem2.vcxproj", "{48107E4C-1336-4F81-820F-E34B3D0903A2}"
EndProject
Global
	GlobalSection(SolutionConfigurationPlatforms) = preSolution
		Debug|x64 = Debug|x64
		Debug|x86 = Debug|x86
		Release|x64 = Release|x64
		Release|x86 = Release|x86
	EndGlobalSection
	GlobalSection(ProjectConfigurationPlatforms) = postSolution
		{BED1BC17-09B7-4EF7-9542-2967C2BAA8C4}.Debug|x64.ActiveCfg = Debug|x64
		{BED1BC17-09B7-4EF7-9542-2967C2BAA8C4}.Debug|x64.Build.0 = Debug|x64
		{BED1BC17-09B7-4EF7-9542-2967C2BAA8C4}.Debug|x86.ActiveCfg = Debug|Win32
		{BED1BC17-09B7-4EF7-9542-2967C2BAA8C4}.Debug|x86.Build.0 = Debug|Win32
		{BED1BC17-09B7-4EF7-9542-2967C2BAA8C4}.Release|x64.ActiveCfg = Release|x64
		{BED1BC17-09B7-4EF7-9542-2967C2BAA8C4}.Release|x64.Build.0 = Release|x64
		{BED1BC17-09B7-4EF7-9542-2967C2BAA8C4}.Release|x86.ActiveCfg = Release|Win32
		{BED1BC17-09B7-4EF7-9542-2967C2BAA8C4}.Release|x86.Build.0 = Release|Win32
		{48107E4C-1336-4F81-820F-E34B3D0903A2}.Debug|x64.ActiveCfg = Debug|x64
		{48107E4C-1336-4F81-820F-E34B3D0903A2}.Debug|x64.Build.0 = Debug|x64
		{48107E4C-1336-4F81-820F-E34B3D0903A2}.Debug|x86.ActiveCfg = Debug|Win32
		{48107E4C-1336-4F81-820F-E34B3D0903A2}.Debug|x86.Build.0 = Debug|Win32
		{48107E4C-1336-4F81-820F-E34B3D0903A2}.Release|x64.ActiveCfg = Release|x64
		{48107E4C-1336-4F81-820F-E34B3D0903A2}.Release|x64.Build.0 = Release|x64
		{48107E4C-1336-4F81-820F-E34B3D0903A2}.Release|x86.ActiveCfg = Release|Win32
		{48107E4C-1336-4F81-820F-E34B3D0903A2}.Release|x86.Build.0 = Release|Win32
	EndGlobalSection
	GlobalSection(SolutionProperties) = preSolution
		HideSolutionNode = FALSE
	EndGlobalSection
	GlobalSection(ExtensibilityGlobals) = postSolution
		SolutionGuid = {EF14A430-6FB2-40B7-9941-DA7A49C6894D}
	EndGlobalSection
EndGlobal
