
Microsoft Visual Studio Solution File, Format Version 12.00
# Visual Studio Version 17
VisualStudioVersion = 17.3.32929.385
MinimumVisualStudioVersion = 10.0.40219.1
Project("{8BC9CEB8-8B4A-11D0-8D11-00A0C91BC942}") = "Problem1", "Problem1\Problem1.vcxproj", "{A3A08064-D0BA-4C8A-A290-690412B021CF}"
EndProject
Global
	GlobalSection(SolutionConfigurationPlatforms) = preSolution
		Debug|x64 = Debug|x64
		Debug|x86 = Debug|x86
		Release|x64 = Release|x64
		Release|x86 = Release|x86
	EndGlobalSection
	GlobalSection(ProjectConfigurationPlatforms) = postSolution
		{A3A08064-D0BA-4C8A-A290-690412B021CF}.Debug|x64.ActiveCfg = Debug|x64
		{A3A08064-D0BA-4C8A-A290-690412B021CF}.Debug|x64.Build.0 = Debug|x64
		{A3A08064-D0BA-4C8A-A290-690412B021CF}.Debug|x86.ActiveCfg = Debug|Win32
		{A3A08064-D0BA-4C8A-A290-690412B021CF}.Debug|x86.Build.0 = Debug|Win32
		{A3A08064-D0BA-4C8A-A290-690412B021CF}.Release|x64.ActiveCfg = Release|x64
		{A3A08064-D0BA-4C8A-A290-690412B021CF}.Release|x64.Build.0 = Release|x64
		{A3A08064-D0BA-4C8A-A290-690412B021CF}.Release|x86.ActiveCfg = Release|Win32
		{A3A08064-D0BA-4C8A-A290-690412B021CF}.Release|x86.Build.0 = Release|Win32
	EndGlobalSection
	GlobalSection(SolutionProperties) = preSolution
		HideSolutionNode = FALSE
	EndGlobalSection
	GlobalSection(ExtensibilityGlobals) = postSolution
		SolutionGuid = {EE49B751-ADC5-48E8-B227-AE902E4A3F6A}
	EndGlobalSection
EndGlobal
